{
  "nodes": {
    "nixpkgs": {
      "locked": {
        "lastModified": 1764252671,
        "narHash": "sha256-CIycqvBOoQS2w3SgrqURG8+g3unpwWSBSqudYLDSskw=",
        "owner": "nixos",
        "repo": "nixpkgs",
        "rev": "829e9c06a4861572d931360fdbca65805b5db41c",
        "type": "github"
      },
      "original": {
        "owner": "nixos",
        "ref": "master",
        "repo": "nixpkgs",
        "type": "github"
      }
    },
    "press": {
      "inputs": {
        "nixpkgs": [
          "nixpkgs"
        ]
      },
      "locked": {
        "lastModified": 1763856559,
        "narHash": "sha256-AR2yWOYf1u5p+MGv5/C8LGP0iicCKconQ9Km38y3N6I=",
        "owner": "RossSmyth",
        "repo": "press",
        "rev": "3ad1aac0f3448ca75b8b1eae635fec387bedfaaf",
        "type": "github"
      },
      "original": {
        "owner": "RossSmyth",
        "repo": "press",
        "type": "github"
      }
    },
    "root": {
      "inputs": {
        "nixpkgs": "nixpkgs",
        "press": "press",
        "website-builder": "website-builder"
      }
    },
    "website-builder": {
      "inputs": {
        "nixpkgs": [
          "nixpkgs"
        ]
      },
      "locked": {
        "lastModified": 1771957511,
        "narHash": "sha256-MxpsyVQguwmeN40gblvcYLtL4xiriGYB6UyP+JergpQ=",
        "owner": "rasmus-kirk",
        "repo": "website-builder",
        "rev": "896af41c1a01f934799356f1f51cfddff2abda82",
        "type": "github"
      },
      "original": {
        "owner": "rasmus-kirk",
        "repo": "website-builder",
        "type": "github"
      }
    }
  },
  "root": "root",
  "version": 7
}
