{
  "nodes": {
    "nixpkgs": {
      "locked": {
        "lastModified": 1771956560,
        "narHash": "sha256-XsAF4MsJG0qmvk5kXC1PAXZH0zo05iRj3Rzxr8O6TVY=",
        "owner": "nixos",
        "repo": "nixpkgs",
        "rev": "b2b412fd48b63d1ac4217d8100a7a834438fd5e1",
        "type": "github"
      },
      "original": {
        "owner": "nixos",
        "ref": "master",
        "repo": "nixpkgs",
        "type": "github"
      }
    },
    "press": {
      "inputs": {
        "nixpkgs": [
          "nixpkgs"
        ]
      },
      "locked": {
        "lastModified": 1771719038,
        "narHash": "sha256-VtjWzzuF/4r3Bo4ZiQnEnAyJW4LPOqlbLA3E+mF4yt8=",
        "owner": "RossSmyth",
        "repo": "press",
        "rev": "40abaa1c8e446c6970390df8aac649d5f511ca3d",
        "type": "github"
      },
      "original": {
        "owner": "RossSmyth",
        "repo": "press",
        "type": "github"
      }
    },
    "root": {
      "inputs": {
        "nixpkgs": "nixpkgs",
        "press": "press",
        "website-builder": "website-builder"
      }
    },
    "website-builder": {
      "inputs": {
        "nixpkgs": [
          "nixpkgs"
        ]
      },
      "locked": {
        "lastModified": 1771957511,
        "narHash": "sha256-MxpsyVQguwmeN40gblvcYLtL4xiriGYB6UyP+JergpQ=",
        "owner": "rasmus-kirk",
        "repo": "website-builder",
        "rev": "896af41c1a01f934799356f1f51cfddff2abda82",
        "type": "github"
      },
      "original": {
        "owner": "rasmus-kirk",
        "repo": "website-builder",
        "type": "github"
      }
    }
  },
  "root": "root",
  "version": 7
}
